
Microsoft Visual Studio Solution File, Format Version 12.00
# Visual Studio 14
VisualStudioVersion = 14.0.25420.1
MinimumVisualStudioVersion = 10.0.40219.1
Project("{8BB2217D-0F2D-49D1-97BC-3654ED321F3B}") = "Profil.Api", "profil.api\Profil.Api.xproj", "{369A51DA-4B71-48BC-9944-5B3A65C6BD0F}"
EndProject
Project("{8BB2217D-0F2D-49D1-97BC-3654ED321F3B}") = "IdentityServerWithAspNetIdentity", "IdentityServerWithAspNetIdentity\IdentityServerWithAspNetIdentity.xproj", "{AE4711BF-049D-427B-8521-1A34847A5189}"
EndProject
Project("{8BB2217D-0F2D-49D1-97BC-3654ED321F3B}") = "Profil.Api.Test", "Profil.Api.Test\Profil.Api.Test.xproj", "{74761602-AF10-4582-B380-45B15B8BA5F3}"
EndProject
Global
	GlobalSection(SolutionConfigurationPlatforms) = preSolution
		Debug|Any CPU = Debug|Any CPU
		Release|Any CPU = Release|Any CPU
	EndGlobalSection
	GlobalSection(ProjectConfigurationPlatforms) = postSolution
		{369A51DA-4B71-48BC-9944-5B3A65C6BD0F}.Debug|Any CPU.ActiveCfg = Debug|Any CPU
		{369A51DA-4B71-48BC-9944-5B3A65C6BD0F}.Debug|Any CPU.Build.0 = Debug|Any CPU
		{369A51DA-4B71-48BC-9944-5B3A65C6BD0F}.Release|Any CPU.ActiveCfg = Release|Any CPU
		{369A51DA-4B71-48BC-9944-5B3A65C6BD0F}.Release|Any CPU.Build.0 = Release|Any CPU
		{AE4711BF-049D-427B-8521-1A34847A5189}.Debug|Any CPU.ActiveCfg = Debug|Any CPU
		{AE4711BF-049D-427B-8521-1A34847A5189}.Debug|Any CPU.Build.0 = Debug|Any CPU
		{AE4711BF-049D-427B-8521-1A34847A5189}.Release|Any CPU.ActiveCfg = Release|Any CPU
		{AE4711BF-049D-427B-8521-1A34847A5189}.Release|Any CPU.Build.0 = Release|Any CPU
		{74761602-AF10-4582-B380-45B15B8BA5F3}.Debug|Any CPU.ActiveCfg = Debug|Any CPU
		{74761602-AF10-4582-B380-45B15B8BA5F3}.Debug|Any CPU.Build.0 = Debug|Any CPU
		{74761602-AF10-4582-B380-45B15B8BA5F3}.Release|Any CPU.ActiveCfg = Release|Any CPU
		{74761602-AF10-4582-B380-45B15B8BA5F3}.Release|Any CPU.Build.0 = Release|Any CPU
	EndGlobalSection
	GlobalSection(SolutionProperties) = preSolution
		HideSolutionNode = FALSE
	EndGlobalSection
EndGlobal
